// !$*UTF8*$!
{
	archiveVersion = 1;
	classes = {
	};
	objectVersion = 50;
	objects = {

/* Begin PBXBuildFile section */
		1DBEAAFA240C077900D3FD34 /* AppDelegate.swift in Sources */ = {isa = PBXBuildFile; fileRef = 1DBEAAF9240C077900D3FD34 /* AppDelegate.swift */; };
		1DBEAAFC240C077900D3FD34 /* SceneDelegate.swift in Sources */ = {isa = PBXBuildFile; fileRef = 1DBEAAFB240C077900D3FD34 /* SceneDelegate.swift */; };
		1DBEAAFE240C077900D3FD34 /* ViewController.swift in Sources */ = {isa = PBXBuildFile; fileRef = 1DBEAAFD240C077900D3FD34 /* ViewController.swift */; };
		1DBEAB01240C077900D3FD34 /* Main.storyboard in Resources */ = {isa = PBXBuildFile; fileRef = 1DBEAAFF240C077900D3FD34 /* Main.storyboard */; };
		1DBEAB03240C078100D3FD34 /* Assets.xcassets in Resources */ = {isa = PBXBuildFile; fileRef = 1DBEAB02240C078100D3FD34 /* Assets.xcassets */; };
		1DBEAB06240C078100D3FD34 /* LaunchScreen.storyboard in Resources */ = {isa = PBXBuildFile; fileRef = 1DBEAB04240C078100D3FD34 /* LaunchScreen.storyboard */; };
		9D6E284385554155C6A63E39 /* Pods_Products.framework in Frameworks */ = {isa = PBXBuildFile; fileRef = 071F7A3D7C54D346CEC1C801 /* Pods_Products.framework */; };
/* End PBXBuildFile section */

/* Begin PBXFileReference section */
		071F7A3D7C54D346CEC1C801 /* Pods_Products.framework */ = {isa = PBXFileReference; explicitFileType = wrapper.framework; includeInIndex = 0; path = Pods_Products.framework; sourceTree = BUILT_PRODUCTS_DIR; };
		1DBEAAF6240C077900D3FD34 /* Products.app */ = {isa = PBXFileReference; explicitFileType = wrapper.application; includeInIndex = 0; path = Products.app; sourceTree = BUILT_PRODUCTS_DIR; };
		1DBEAAF9240C077900D3FD34 /* AppDelegate.swift */ = {isa = PBXFileReference; lastKnownFileType = sourcecode.swift; path = AppDelegate.swift; sourceTree = "<group>"; };
		1DBEAAFB240C077900D3FD34 /* SceneDelegate.swift */ = {isa = PBXFileReference; lastKnownFileType = sourcecode.swift; path = SceneDelegate.swift; sourceTree = "<group>"; };
		1DBEAAFD240C077900D3FD34 /* ViewController.swift */ = {isa = PBXFileReference; lastKnownFileType = sourcecode.swift; path = ViewController.swift; sourceTree = "<group>"; };
		1DBEAB00240C077900D3FD34 /* Base */ = {isa = PBXFileReference; lastKnownFileType = file.storyboard; name = Base; path = Base.lproj/Main.storyboard; sourceTree = "<group>"; };
		1DBEAB02240C078100D3FD34 /* Assets.xcassets */ = {isa = PBXFileReference; lastKnownFileType = folder.assetcatalog; path = Assets.xcassets; sourceTree = "<group>"; };
		1DBEAB05240C078100D3FD34 /* Base */ = {isa = PBXFileReference; lastKnownFileType = file.storyboard; name = Base; path = Base.lproj/LaunchScreen.storyboard; sourceTree = "<group>"; };
		1DBEAB07240C078100D3FD34 /* Info.plist */ = {isa = PBXFileReference; lastKnownFileType = text.plist.xml; path = Info.plist; sourceTree = "<group>"; };
		201E722325D8ED344534EC4E /* Pods-Products.release.xcconfig */ = {isa = PBXFileReference; includeInIndex = 1; lastKnownFileType = text.xcconfig; name = "Pods-Products.release.xcconfig"; path = "Target Support Files/Pods-Products/Pods-Products.release.xcconfig"; sourceTree = "<group>"; };
		F16EF1F1E32B5F81B297C8B1 /* Pods-Products.debug.xcconfig */ = {isa = PBXFileReference; includeInIndex = 1; lastKnownFileType = text.xcconfig; name = "Pods-Products.debug.xcconfig"; path = "Target Support Files/Pods-Products/Pods-Products.debug.xcconfig"; sourceTree = "<group>"; };
/* End PBXFileReference section */

/* Begin PBXFrameworksBuildPhase section */
		1DBEAAF3240C077900D3FD34 /* Frameworks */ = {
			isa = PBXFrameworksBuildPhase;
			buildActionMask = 2147483647;
			files = (
				9D6E284385554155C6A63E39 /* Pods_Products.framework in Frameworks */,
			);
			runOnlyForDeploymentPostprocessing = 0;
		};
/* End PBXFrameworksBuildPhase section */

/* Begin PBXGroup section */
		1DBEAAED240C077900D3FD34 = {
			isa = PBXGroup;
			children = (
				1DBEAAF8240C077900D3FD34 /* Products */,
				1DBEAAF7240C077900D3FD34 /* Products */,
				D80F3A6571E981A42DB07321 /* Pods */,
				D9918BC542525BBBB2870CBB /* Frameworks */,
			);
			sourceTree = "<group>";
		};
		1DBEAAF7240C077900D3FD34 /* Products */ = {
			isa = PBXGroup;
			children = (
				1DBEAAF6240C077900D3FD34 /* Products.app */,
			);
			name = Products;
			sourceTree = "<group>";
		};
		1DBEAAF8240C077900D3FD34 /* Products */ = {
			isa = PBXGroup;
			children = (
				1DBEAAF9240C077900D3FD34 /* AppDelegate.swift */,
				1DBEAAFB240C077900D3FD34 /* SceneDelegate.swift */,
				1DBEAAFD240C077900D3FD34 /* ViewController.swift */,
				1DBEAAFF240C077900D3FD34 /* Main.storyboard */,
				1DBEAB02240C078100D3FD34 /* Assets.xcassets */,
				1DBEAB04240C078100D3FD34 /* LaunchScreen.storyboard */,
				1DBEAB07240C078100D3FD34 /* Info.plist */,
			);
			path = Products;
			sourceTree = "<group>";
		};
		D80F3A6571E981A42DB07321 /* Pods */ = {
			isa = PBXGroup;
			children = (
				F16EF1F1E32B5F81B297C8B1 /* Pods-Products.debug.xcconfig */,
				201E722325D8ED344534EC4E /* Pods-Products.release.xcconfig */,
			);
			name = Pods;
			path = Pods;
			sourceTree = "<group>";
		};
		D9918BC542525BBBB2870CBB /* Frameworks */ = {
			isa = PBXGroup;
			children = (
				071F7A3D7C54D346CEC1C801 /* Pods_Products.framework */,
			);
			name = Frameworks;
			sourceTree = "<group>";
		};
/* End PBXGroup section */

/* Begin PBXNativeTarget section */
		1DBEAAF5240C077900D3FD34 /* Products */ = {
			isa = PBXNativeTarget;
			buildConfigurationList = 1DBEAB0A240C078100D3FD34 /* Build configuration list for PBXNativeTarget "Products" */;
			buildPhases = (
				F6B90BD78BAECBD08BFE80D6 /* [CP] Check Pods Manifest.lock */,
				1DBEAAF2240C077900D3FD34 /* Sources */,
				1DBEAAF3240C077900D3FD34 /* Frameworks */,
				1DBEAAF4240C077900D3FD34 /* Resources */,
			);
			buildRules = (
			);
			dependencies = (
			);
			name = Products;
			productName = Products;
			productReference = 1DBEAAF6240C077900D3FD34 /* Products.app */;
			productType = "com.apple.product-type.application";
		};
/* End PBXNativeTarget section */

/* Begin PBXProject section */
		1DBEAAEE240C077900D3FD34 /* Project object */ = {
			isa = PBXProject;
			attributes = {
				LastSwiftUpdateCheck = 1120;
				LastUpgradeCheck = 1120;
				ORGANIZATIONNAME = Archlime;
				TargetAttributes = {
					1DBEAAF5240C077900D3FD34 = {
						CreatedOnToolsVersion = 11.2.1;
					};
				};
			};
			buildConfigurationList = 1DBEAAF1240C077900D3FD34 /* Build configuration list for PBXProject "Products" */;
			compatibilityVersion = "Xcode 9.3";
			developmentRegion = en;
			hasScannedForEncodings = 0;
			knownRegions = (
				en,
				Base,
			);
			mainGroup = 1DBEAAED240C077900D3FD34;
			productRefGroup = 1DBEAAF7240C077900D3FD34 /* Products */;
			projectDirPath = "";
			projectRoot = "";
			targets = (
				1DBEAAF5240C077900D3FD34 /* Products */,
			);
		};
/* End PBXProject section */

/* Begin PBXResourcesBuildPhase section */
		1DBEAAF4240C077900D3FD34 /* Resources */ = {
			isa = PBXResourcesBuildPhase;
			buildActionMask = 2147483647;
			files = (
				1DBEAB06240C078100D3FD34 /* LaunchScreen.storyboard in Resources */,
				1DBEAB03240C078100D3FD34 /* Assets.xcassets in Resources */,
				1DBEAB01240C077900D3FD34 /* Main.storyboard in Resources */,
			);
			runOnlyForDeploymentPostprocessing = 0;
		};
/* End PBXResourcesBuildPhase section */

/* Begin PBXShellScriptBuildPhase section */
		F6B90BD78BAECBD08BFE80D6 /* [CP] Check Pods Manifest.lock */ = {
			isa = PBXShellScriptBuildPhase;
			buildActionMask = 2147483647;
			files = (
			);
			inputFileListPaths = (
			);
			inputPaths = (
				"${PODS_PODFILE_DIR_PATH}/Podfile.lock",
				"${PODS_ROOT}/Manifest.lock",
			);
			name = "[CP] Check Pods Manifest.lock";
			outputFileListPaths = (
			);
			outputPaths = (
				"$(DERIVED_FILE_DIR)/Pods-Products-checkManifestLockResult.txt",
			);
			runOnlyForDeploymentPostprocessing = 0;
			shellPath = /bin/sh;
			shellScript = "diff \"${PODS_PODFILE_DIR_PATH}/Podfile.lock\" \"${PODS_ROOT}/Manifest.lock\" > /dev/null\nif [ $? != 0 ] ; then\n    # print error to STDERR\n    echo \"error: The sandbox is not in sync with the Podfile.lock. Run 'pod install' or update your CocoaPods installation.\" >&2\n    exit 1\nfi\n# This output is used by Xcode 'outputs' to avoid re-running this script phase.\necho \"SUCCESS\" > \"${SCRIPT_OUTPUT_FILE_0}\"\n";
			showEnvVarsInLog = 0;
		};
/* End PBXShellScriptBuildPhase section */

/* Begin PBXSourcesBuildPhase section */
		1DBEAAF2240C077900D3FD34 /* Sources */ = {
			isa = PBXSourcesBuildPhase;
			buildActionMask = 2147483647;
			files = (
				1DBEAAFE240C077900D3FD34 /* ViewController.swift in Sources */,
				1DBEAAFA240C077900D3FD34 /* AppDelegate.swift in Sources */,
				1DBEAAFC240C077900D3FD34 /* SceneDelegate.swift in Sources */,
			);
			runOnlyForDeploymentPostprocessing = 0;
		};
/* End PBXSourcesBuildPhase section */

/* Begin PBXVariantGroup section */
		1DBEAAFF240C077900D3FD34 /* Main.storyboard */ = {
			isa = PBXVariantGroup;
			children = (
				1DBEAB00240C077900D3FD34 /* Base */,
			);
			name = Main.storyboard;
			sourceTree = "<group>";
		};
		1DBEAB04240C078100D3FD34 /* LaunchScreen.storyboard */ = {
			isa = PBXVariantGroup;
			children = (
				1DBEAB05240C078100D3FD34 /* Base */,
			);
			name = LaunchScreen.storyboard;
			sourceTree = "<group>";
		};
/* End PBXVariantGroup section */

/* Begin XCBuildConfiguration section */
		1DBEAB08240C078100D3FD34 /* Debug */ = {
			isa = XCBuildConfiguration;
			buildSettings = {
				ALWAYS_SEARCH_USER_PATHS = NO;
				CLANG_ANALYZER_NONNULL = YES;
				CLANG_ANALYZER_NUMBER_OBJECT_CONVERSION = YES_AGGRESSIVE;
				CLANG_CXX_LANGUAGE_STANDARD = "gnu++14";
				CLANG_CXX_LIBRARY = "libc++";
				CLANG_ENABLE_MODULES = YES;
				CLANG_ENABLE_OBJC_ARC = YES;
				CLANG_ENABLE_OBJC_WEAK = YES;
				CLANG_WARN_BLOCK_CAPTURE_AUTORELEASING = YES;
				CLANG_WARN_BOOL_CONVERSION = YES;
				CLANG_WARN_COMMA = YES;
				CLANG_WARN_CONSTANT_CONVERSION = YES;
				CLANG_WARN_DEPRECATED_OBJC_IMPLEMENTATIONS = YES;
				CLANG_WARN_DIRECT_OBJC_ISA_USAGE = YES_ERROR;
				CLANG_WARN_DOCUMENTATION_COMMENTS = YES;
				CLANG_WARN_EMPTY_BODY = YES;
				CLANG_WARN_ENUM_CONVERSION = YES;
				CLANG_WARN_INFINITE_RECURSION = YES;
				CLANG_WARN_INT_CONVERSION = YES;
				CLANG_WARN_NON_LITERAL_NULL_CONVERSION = YES;
				CLANG_WARN_OBJC_IMPLICIT_RETAIN_SELF = YES;
				CLANG_WARN_OBJC_LITERAL_CONVERSION = YES;
				CLANG_WARN_OBJC_ROOT_CLASS = YES_ERROR;
				CLANG_WARN_RANGE_LOOP_ANALYSIS = YES;
				CLANG_WARN_STRICT_PROTOTYPES = YES;
				CLANG_WARN_SUSPICIOUS_MOVE = YES;
				CLANG_WARN_UNGUARDED_AVAILABILITY = YES_AGGRESSIVE;
				CLANG_WARN_UNREACHABLE_CODE = YES;
				CLANG_WARN__DUPLICATE_METHOD_MATCH = YES;
				COPY_PHASE_STRIP = NO;
				DEBUG_INFORMATION_FORMAT = dwarf;
				ENABLE_STRICT_OBJC_MSGSEND = YES;
				ENABLE_TESTABILITY = YES;
				GCC_C_LANGUAGE_STANDARD = gnu11;
				GCC_DYNAMIC_NO_PIC = NO;
				GCC_NO_COMMON_BLOCKS = YES;
				GCC_OPTIMIZATION_LEVEL = 0;
				GCC_PREPROCESSOR_DEFINITIONS = (
					"DEBUG=1",
					"$(inherited)",
				);
				GCC_WARN_64_TO_32_BIT_CONVERSION = YES;
				GCC_WARN_ABOUT_RETURN_TYPE = YES_ERROR;
				GCC_WARN_UNDECLARED_SELECTOR = YES;
				GCC_WARN_UNINITIALIZED_AUTOS = YES_AGGRESSIVE;
				GCC_WARN_UNUSED_FUNCTION = YES;
				GCC_WARN_UNUSED_VARIABLE = YES;
				IPHONEOS_DEPLOYMENT_TARGET = 13.2;
				MTL_ENABLE_DEBUG_INFO = INCLUDE_SOURCE;
				MTL_FAST_MATH = YES;
				ONLY_ACTIVE_ARCH = YES;
				SDKROOT = iphoneos;
				SWIFT_ACTIVE_COMPILATION_CONDITIONS = DEBUG;
				SWIFT_OPTIMIZATION_LEVEL = "-Onone";
			};
			name = Debug;
		};
		1DBEAB09240C078100D3FD34 /* Release */ = {
			isa = XCBuildConfiguration;
			buildSettings = {
				ALWAYS_SEARCH_USER_PATHS = NO;
				CLANG_ANALYZER_NONNULL = YES;
				CLANG_ANALYZER_NUMBER_OBJECT_CONVERSION = YES_AGGRESSIVE;
				CLANG_CXX_LANGUAGE_STANDARD = "gnu++14";
				CLANG_CXX_LIBRARY = "libc++";
				CLANG_ENABLE_MODULES = YES;
				CLANG_ENABLE_OBJC_ARC = YES;
				CLANG_ENABLE_OBJC_WEAK = YES;
				CLANG_WARN_BLOCK_CAPTURE_AUTORELEASING = YES;
				CLANG_WARN_BOOL_CONVERSION = YES;
				CLANG_WARN_COMMA = YES;
				CLANG_WARN_CONSTANT_CONVERSION = YES;
				CLANG_WARN_DEPRECATED_OBJC_IMPLEMENTATIONS = YES;
				CLANG_WARN_DIRECT_OBJC_ISA_USAGE = YES_ERROR;
				CLANG_WARN_DOCUMENTATION_COMMENTS = YES;
				CLANG_WARN_EMPTY_BODY = YES;
				CLANG_WARN_ENUM_CONVERSION = YES;
				CLANG_WARN_INFINITE_RECURSION = YES;
				CLANG_WARN_INT_CONVERSION = YES;
				CLANG_WARN_NON_LITERAL_NULL_CONVERSION = YES;
				CLANG_WARN_OBJC_IMPLICIT_RETAIN_SELF = YES;
				CLANG_WARN_OBJC_LITERAL_CONVERSION = YES;
				CLANG_WARN_OBJC_ROOT_CLASS = YES_ERROR;
				CLANG_WARN_RANGE_LOOP_ANALYSIS = YES;
				CLANG_WARN_STRICT_PROTOTYPES = YES;
				CLANG_WARN_SUSPICIOUS_MOVE = YES;
				CLANG_WARN_UNGUARDED_AVAILABILITY = YES_AGGRESSIVE;
				CLANG_WARN_UNREACHABLE_CODE = YES;
				CLANG_WARN__DUPLICATE_METHOD_MATCH = YES;
				COPY_PHASE_STRIP = NO;
				DEBUG_INFORMATION_FORMAT = "dwarf-with-dsym";
				ENABLE_NS_ASSERTIONS = NO;
				ENABLE_STRICT_OBJC_MSGSEND = YES;
				GCC_C_LANGUAGE_STANDARD = gnu11;
				GCC_NO_COMMON_BLOCKS = YES;
				GCC_WARN_64_TO_32_BIT_CONVERSION = YES;
				GCC_WARN_ABOUT_RETURN_TYPE = YES_ERROR;
				GCC_WARN_UNDECLARED_SELECTOR = YES;
				GCC_WARN_UNINITIALIZED_AUTOS = YES_AGGRESSIVE;
				GCC_WARN_UNUSED_FUNCTION = YES;
				GCC_WARN_UNUSED_VARIABLE = YES;
				IPHONEOS_DEPLOYMENT_TARGET = 13.2;
				MTL_ENABLE_DEBUG_INFO = NO;
				MTL_FAST_MATH = YES;
				SDKROOT = iphoneos;
				SWIFT_COMPILATION_MODE = wholemodule;
				SWIFT_OPTIMIZATION_LEVEL = "-O";
				VALIDATE_PRODUCT = YES;
			};
			name = Release;
		};
		1DBEAB0B240C078100D3FD34 /* Debug */ = {
			isa = XCBuildConfiguration;
			baseConfigurationReference = F16EF1F1E32B5F81B297C8B1 /* Pods-Products.debug.xcconfig */;
			buildSettings = {
				ASSETCATALOG_COMPILER_APPICON_NAME = AppIcon;
				CODE_SIGN_STYLE = Automatic;
				DEVELOPMENT_TEAM = L6Q7QEYASW;
				INFOPLIST_FILE = Products/Info.plist;
				LD_RUNPATH_SEARCH_PATHS = (
					"$(inherited)",
					"@executable_path/Frameworks",
				);
				PRODUCT_BUNDLE_IDENTIFIER = Archlime.Products;
				PRODUCT_NAME = "$(TARGET_NAME)";
				SWIFT_VERSION = 5.0;
				TARGETED_DEVICE_FAMILY = 1;
			};
			name = Debug;
		};
		1DBEAB0C240C078100D3FD34 /* Release */ = {
			isa = XCBuildConfiguration;
			baseConfigurationReference = 201E722325D8ED344534EC4E /* Pods-Products.release.xcconfig */;
			buildSettings = {
				ASSETCATALOG_COMPILER_APPICON_NAME = AppIcon;
				CODE_SIGN_STYLE = Automatic;
				DEVELOPMENT_TEAM = L6Q7QEYASW;
				INFOPLIST_FILE = Products/Info.plist;
				LD_RUNPATH_SEARCH_PATHS = (
					"$(inherited)",
					"@executable_path/Frameworks",
				);
				PRODUCT_BUNDLE_IDENTIFIER = Archlime.Products;
				PRODUCT_NAME = "$(TARGET_NAME)";
				SWIFT_VERSION = 5.0;
				TARGETED_DEVICE_FAMILY = 1;
			};
			name = Release;
		};
/* End XCBuildConfiguration section */

/* Begin XCConfigurationList section */
		1DBEAAF1240C077900D3FD34 /* Build configuration list for PBXProject "Products" */ = {
			isa = XCConfigurationList;
			buildConfigurations = (
				1DBEAB08240C078100D3FD34 /* Debug */,
				1DBEAB09240C078100D3FD34 /* Release */,
			);
			defaultConfigurationIsVisible = 0;
			defaultConfigurationName = Release;
		};
		1DBEAB0A240C078100D3FD34 /* Build configuration list for PBXNativeTarget "Products" */ = {
			isa = XCConfigurationList;
			buildConfigurations = (
				1DBEAB0B240C078100D3FD34 /* Debug */,
				1DBEAB0C240C078100D3FD34 /* Release */,
			);
			defaultConfigurationIsVisible = 0;
			defaultConfigurationName = Release;
		};
/* End XCConfigurationList section */
	};
	rootObject = 1DBEAAEE240C077900D3FD34 /* Project object */;
}
