// !$*UTF8*$!
{
	archiveVersion = 1;
	classes = {
	};
	objectVersion = 51;
	objects = {

/* Begin PBXBuildFile section */
		1D5B8690241BF7AC00DC02BE /* RegisterViewController.xib in Resources */ = {isa = PBXBuildFile; fileRef = 1D5B868F241BF7AC00DC02BE /* RegisterViewController.xib */; };
		1D5B8692241BF7C500DC02BE /* RegisterViewController.swift in Sources */ = {isa = PBXBuildFile; fileRef = 1D5B8691241BF7C500DC02BE /* RegisterViewController.swift */; };
		1D5B8694241BF7D600DC02BE /* RegisterViewModel.swift in Sources */ = {isa = PBXBuildFile; fileRef = 1D5B8693241BF7D600DC02BE /* RegisterViewModel.swift */; };
		1D5B8696241BF7E400DC02BE /* RegisterRepository.swift in Sources */ = {isa = PBXBuildFile; fileRef = 1D5B8695241BF7E400DC02BE /* RegisterRepository.swift */; };
		1DBEAAFA240C077900D3FD34 /* AppDelegate.swift in Sources */ = {isa = PBXBuildFile; fileRef = 1DBEAAF9240C077900D3FD34 /* AppDelegate.swift */; };
		1DBEAB03240C078100D3FD34 /* Assets.xcassets in Resources */ = {isa = PBXBuildFile; fileRef = 1DBEAB02240C078100D3FD34 /* Assets.xcassets */; };
		1DBEAB06240C078100D3FD34 /* LaunchScreen.storyboard in Resources */ = {isa = PBXBuildFile; fileRef = 1DBEAB04240C078100D3FD34 /* LaunchScreen.storyboard */; };
		1DCD6CB02417F5AA002935E2 /* SplashViewController.xib in Resources */ = {isa = PBXBuildFile; fileRef = 1DCD6CAF2417F5AA002935E2 /* SplashViewController.xib */; };
		1DCD6CB22417F5BB002935E2 /* SplashViewController.swift in Sources */ = {isa = PBXBuildFile; fileRef = 1DCD6CB12417F5BB002935E2 /* SplashViewController.swift */; };
		1DCD6CB42417F5D2002935E2 /* SplashViewModel.swift in Sources */ = {isa = PBXBuildFile; fileRef = 1DCD6CB32417F5D2002935E2 /* SplashViewModel.swift */; };
		1DCD6CB8241BEB14002935E2 /* SplashRepository.swift in Sources */ = {isa = PBXBuildFile; fileRef = 1DCD6CB7241BEB14002935E2 /* SplashRepository.swift */; };
		9D6E284385554155C6A63E39 /* Pods_Products.framework in Frameworks */ = {isa = PBXBuildFile; fileRef = 071F7A3D7C54D346CEC1C801 /* Pods_Products.framework */; };
		ABC4D201240C0E7B00BF0E90 /* Coordinator.swift in Sources */ = {isa = PBXBuildFile; fileRef = ABC4D200240C0E7B00BF0E90 /* Coordinator.swift */; };
		ABC4D203240C0EC100BF0E90 /* AppCoordinator.swift in Sources */ = {isa = PBXBuildFile; fileRef = ABC4D202240C0EC100BF0E90 /* AppCoordinator.swift */; };
		ABC4D207240C0F9600BF0E90 /* LoginViewController.xib in Resources */ = {isa = PBXBuildFile; fileRef = ABC4D206240C0F9600BF0E90 /* LoginViewController.xib */; };
		ABC4D209240C0FA000BF0E90 /* LoginViewController.swift in Sources */ = {isa = PBXBuildFile; fileRef = ABC4D208240C0FA000BF0E90 /* LoginViewController.swift */; };
		ABC4D20B240C0FA700BF0E90 /* LoginViewModel.swift in Sources */ = {isa = PBXBuildFile; fileRef = ABC4D20A240C0FA700BF0E90 /* LoginViewModel.swift */; };
		ABC4D20D240C0FBC00BF0E90 /* LoginRepository.swift in Sources */ = {isa = PBXBuildFile; fileRef = ABC4D20C240C0FBC00BF0E90 /* LoginRepository.swift */; };
		ABC4D210240C125300BF0E90 /* BaseViewController.swift in Sources */ = {isa = PBXBuildFile; fileRef = ABC4D20F240C125300BF0E90 /* BaseViewController.swift */; };
		ABC4D212240C125A00BF0E90 /* BaseViewModel.swift in Sources */ = {isa = PBXBuildFile; fileRef = ABC4D211240C125A00BF0E90 /* BaseViewModel.swift */; };
		ABC4D215240C13E700BF0E90 /* GeneralError.swift in Sources */ = {isa = PBXBuildFile; fileRef = ABC4D214240C13E700BF0E90 /* GeneralError.swift */; };
		ABC4D217240C145000BF0E90 /* Localizable.strings in Resources */ = {isa = PBXBuildFile; fileRef = ABC4D216240C145000BF0E90 /* Localizable.strings */; };
		ABC4D21D240C14DB00BF0E90 /* StringExtensions.swift in Sources */ = {isa = PBXBuildFile; fileRef = ABC4D21C240C14DB00BF0E90 /* StringExtensions.swift */; };
		ABC4D21F240C16DA00BF0E90 /* UILabelExtension.swift in Sources */ = {isa = PBXBuildFile; fileRef = ABC4D21E240C16DA00BF0E90 /* UILabelExtension.swift */; };
		ABC4D221240C19D600BF0E90 /* APIClient.swift in Sources */ = {isa = PBXBuildFile; fileRef = ABC4D220240C19D600BF0E90 /* APIClient.swift */; };
		ABC4D223240C19DC00BF0E90 /* APIResponse.swift in Sources */ = {isa = PBXBuildFile; fileRef = ABC4D222240C19DC00BF0E90 /* APIResponse.swift */; };
		ABC4D225240C19E800BF0E90 /* APIConfirguration.swift in Sources */ = {isa = PBXBuildFile; fileRef = ABC4D224240C19E800BF0E90 /* APIConfirguration.swift */; };
		ABC4D227240C19EE00BF0E90 /* APIRouter.swift in Sources */ = {isa = PBXBuildFile; fileRef = ABC4D226240C19EE00BF0E90 /* APIRouter.swift */; };
		ABC4D229240C1BC200BF0E90 /* APIError.swift in Sources */ = {isa = PBXBuildFile; fileRef = ABC4D228240C1BC200BF0E90 /* APIError.swift */; };
		ABC4D22D240C251600BF0E90 /* AlertPresenter.swift in Sources */ = {isa = PBXBuildFile; fileRef = ABC4D22C240C251600BF0E90 /* AlertPresenter.swift */; };
		ABC4D22F240C26B600BF0E90 /* LoadingViewPresenter.swift in Sources */ = {isa = PBXBuildFile; fileRef = ABC4D22E240C26B600BF0E90 /* LoadingViewPresenter.swift */; };
		ABF2CBDD241638E700267960 /* LoginRequest.swift in Sources */ = {isa = PBXBuildFile; fileRef = ABF2CBDC241638E700267960 /* LoginRequest.swift */; };
		ABF2CBDF2416397500267960 /* EncodableExtensions.swift in Sources */ = {isa = PBXBuildFile; fileRef = ABF2CBDE2416397500267960 /* EncodableExtensions.swift */; };
		ABF2CBE124163A9100267960 /* Member.swift in Sources */ = {isa = PBXBuildFile; fileRef = ABF2CBE024163A9100267960 /* Member.swift */; };
/* End PBXBuildFile section */

/* Begin PBXFileReference section */
		071F7A3D7C54D346CEC1C801 /* Pods_Products.framework */ = {isa = PBXFileReference; explicitFileType = wrapper.framework; includeInIndex = 0; path = Pods_Products.framework; sourceTree = BUILT_PRODUCTS_DIR; };
		1D5B868F241BF7AC00DC02BE /* RegisterViewController.xib */ = {isa = PBXFileReference; lastKnownFileType = file.xib; path = RegisterViewController.xib; sourceTree = "<group>"; };
		1D5B8691241BF7C500DC02BE /* RegisterViewController.swift */ = {isa = PBXFileReference; lastKnownFileType = sourcecode.swift; path = RegisterViewController.swift; sourceTree = "<group>"; };
		1D5B8693241BF7D600DC02BE /* RegisterViewModel.swift */ = {isa = PBXFileReference; lastKnownFileType = sourcecode.swift; path = RegisterViewModel.swift; sourceTree = "<group>"; };
		1D5B8695241BF7E400DC02BE /* RegisterRepository.swift */ = {isa = PBXFileReference; lastKnownFileType = sourcecode.swift; path = RegisterRepository.swift; sourceTree = "<group>"; };
		1DBEAAF6240C077900D3FD34 /* Products.app */ = {isa = PBXFileReference; explicitFileType = wrapper.application; includeInIndex = 0; path = Products.app; sourceTree = BUILT_PRODUCTS_DIR; };
		1DBEAAF9240C077900D3FD34 /* AppDelegate.swift */ = {isa = PBXFileReference; lastKnownFileType = sourcecode.swift; path = AppDelegate.swift; sourceTree = "<group>"; };
		1DBEAB02240C078100D3FD34 /* Assets.xcassets */ = {isa = PBXFileReference; lastKnownFileType = folder.assetcatalog; path = Assets.xcassets; sourceTree = "<group>"; };
		1DBEAB07240C078100D3FD34 /* Info.plist */ = {isa = PBXFileReference; lastKnownFileType = text.plist.xml; path = Info.plist; sourceTree = "<group>"; };
		1DCD6CAF2417F5AA002935E2 /* SplashViewController.xib */ = {isa = PBXFileReference; lastKnownFileType = file.xib; path = SplashViewController.xib; sourceTree = "<group>"; };
		1DCD6CB12417F5BB002935E2 /* SplashViewController.swift */ = {isa = PBXFileReference; lastKnownFileType = sourcecode.swift; path = SplashViewController.swift; sourceTree = "<group>"; };
		1DCD6CB32417F5D2002935E2 /* SplashViewModel.swift */ = {isa = PBXFileReference; lastKnownFileType = sourcecode.swift; path = SplashViewModel.swift; sourceTree = "<group>"; };
		1DCD6CB7241BEB14002935E2 /* SplashRepository.swift */ = {isa = PBXFileReference; lastKnownFileType = sourcecode.swift; path = SplashRepository.swift; sourceTree = "<group>"; };
		201E722325D8ED344534EC4E /* Pods-Products.release.xcconfig */ = {isa = PBXFileReference; includeInIndex = 1; lastKnownFileType = text.xcconfig; name = "Pods-Products.release.xcconfig"; path = "Target Support Files/Pods-Products/Pods-Products.release.xcconfig"; sourceTree = "<group>"; };
		ABC4D200240C0E7B00BF0E90 /* Coordinator.swift */ = {isa = PBXFileReference; lastKnownFileType = sourcecode.swift; path = Coordinator.swift; sourceTree = "<group>"; };
		ABC4D202240C0EC100BF0E90 /* AppCoordinator.swift */ = {isa = PBXFileReference; lastKnownFileType = sourcecode.swift; path = AppCoordinator.swift; sourceTree = "<group>"; };
		ABC4D206240C0F9600BF0E90 /* LoginViewController.xib */ = {isa = PBXFileReference; lastKnownFileType = file.xib; path = LoginViewController.xib; sourceTree = "<group>"; };
		ABC4D208240C0FA000BF0E90 /* LoginViewController.swift */ = {isa = PBXFileReference; lastKnownFileType = sourcecode.swift; path = LoginViewController.swift; sourceTree = "<group>"; };
		ABC4D20A240C0FA700BF0E90 /* LoginViewModel.swift */ = {isa = PBXFileReference; lastKnownFileType = sourcecode.swift; path = LoginViewModel.swift; sourceTree = "<group>"; };
		ABC4D20C240C0FBC00BF0E90 /* LoginRepository.swift */ = {isa = PBXFileReference; lastKnownFileType = sourcecode.swift; path = LoginRepository.swift; sourceTree = "<group>"; };
		ABC4D20F240C125300BF0E90 /* BaseViewController.swift */ = {isa = PBXFileReference; lastKnownFileType = sourcecode.swift; path = BaseViewController.swift; sourceTree = "<group>"; };
		ABC4D211240C125A00BF0E90 /* BaseViewModel.swift */ = {isa = PBXFileReference; lastKnownFileType = sourcecode.swift; path = BaseViewModel.swift; sourceTree = "<group>"; };
		ABC4D214240C13E700BF0E90 /* GeneralError.swift */ = {isa = PBXFileReference; lastKnownFileType = sourcecode.swift; path = GeneralError.swift; sourceTree = "<group>"; };
		ABC4D216240C145000BF0E90 /* Localizable.strings */ = {isa = PBXFileReference; lastKnownFileType = text.plist.strings; path = Localizable.strings; sourceTree = "<group>"; };
		ABC4D218240C148300BF0E90 /* en */ = {isa = PBXFileReference; lastKnownFileType = file.storyboard; name = en; path = en.lproj/LaunchScreen.storyboard; sourceTree = "<group>"; };
		ABC4D21C240C14DB00BF0E90 /* StringExtensions.swift */ = {isa = PBXFileReference; lastKnownFileType = sourcecode.swift; path = StringExtensions.swift; sourceTree = "<group>"; };
		ABC4D21E240C16DA00BF0E90 /* UILabelExtension.swift */ = {isa = PBXFileReference; lastKnownFileType = sourcecode.swift; path = UILabelExtension.swift; sourceTree = "<group>"; };
		ABC4D220240C19D600BF0E90 /* APIClient.swift */ = {isa = PBXFileReference; lastKnownFileType = sourcecode.swift; path = APIClient.swift; sourceTree = "<group>"; };
		ABC4D222240C19DC00BF0E90 /* APIResponse.swift */ = {isa = PBXFileReference; lastKnownFileType = sourcecode.swift; path = APIResponse.swift; sourceTree = "<group>"; };
		ABC4D224240C19E800BF0E90 /* APIConfirguration.swift */ = {isa = PBXFileReference; lastKnownFileType = sourcecode.swift; path = APIConfirguration.swift; sourceTree = "<group>"; };
		ABC4D226240C19EE00BF0E90 /* APIRouter.swift */ = {isa = PBXFileReference; lastKnownFileType = sourcecode.swift; path = APIRouter.swift; sourceTree = "<group>"; };
		ABC4D228240C1BC200BF0E90 /* APIError.swift */ = {isa = PBXFileReference; lastKnownFileType = sourcecode.swift; path = APIError.swift; sourceTree = "<group>"; };
		ABC4D22C240C251600BF0E90 /* AlertPresenter.swift */ = {isa = PBXFileReference; lastKnownFileType = sourcecode.swift; path = AlertPresenter.swift; sourceTree = "<group>"; };
		ABC4D22E240C26B600BF0E90 /* LoadingViewPresenter.swift */ = {isa = PBXFileReference; lastKnownFileType = sourcecode.swift; path = LoadingViewPresenter.swift; sourceTree = "<group>"; };
		ABF2CBDC241638E700267960 /* LoginRequest.swift */ = {isa = PBXFileReference; lastKnownFileType = sourcecode.swift; path = LoginRequest.swift; sourceTree = "<group>"; };
		ABF2CBDE2416397500267960 /* EncodableExtensions.swift */ = {isa = PBXFileReference; lastKnownFileType = sourcecode.swift; path = EncodableExtensions.swift; sourceTree = "<group>"; };
		ABF2CBE024163A9100267960 /* Member.swift */ = {isa = PBXFileReference; lastKnownFileType = sourcecode.swift; path = Member.swift; sourceTree = "<group>"; };
		F16EF1F1E32B5F81B297C8B1 /* Pods-Products.debug.xcconfig */ = {isa = PBXFileReference; includeInIndex = 1; lastKnownFileType = text.xcconfig; name = "Pods-Products.debug.xcconfig"; path = "Target Support Files/Pods-Products/Pods-Products.debug.xcconfig"; sourceTree = "<group>"; };
/* End PBXFileReference section */

/* Begin PBXFrameworksBuildPhase section */
		1DBEAAF3240C077900D3FD34 /* Frameworks */ = {
			isa = PBXFrameworksBuildPhase;
			buildActionMask = 2147483647;
			files = (
				9D6E284385554155C6A63E39 /* Pods_Products.framework in Frameworks */,
			);
			runOnlyForDeploymentPostprocessing = 0;
		};
/* End PBXFrameworksBuildPhase section */

/* Begin PBXGroup section */
		1D5B868E241BF53E00DC02BE /* Register */ = {
			isa = PBXGroup;
			children = (
				1D5B868F241BF7AC00DC02BE /* RegisterViewController.xib */,
				1D5B8691241BF7C500DC02BE /* RegisterViewController.swift */,
				1D5B8693241BF7D600DC02BE /* RegisterViewModel.swift */,
				1D5B8695241BF7E400DC02BE /* RegisterRepository.swift */,
			);
			path = Register;
			sourceTree = "<group>";
		};
		1DBEAAED240C077900D3FD34 = {
			isa = PBXGroup;
			children = (
				1DBEAAF8240C077900D3FD34 /* Products-Root */,
				1DBEAAF7240C077900D3FD34 /* Products */,
				D80F3A6571E981A42DB07321 /* Pods */,
				D9918BC542525BBBB2870CBB /* Frameworks */,
			);
			sourceTree = "<group>";
		};
		1DBEAAF7240C077900D3FD34 /* Products */ = {
			isa = PBXGroup;
			children = (
				1DBEAAF6240C077900D3FD34 /* Products.app */,
			);
			name = Products;
			sourceTree = "<group>";
		};
		1DBEAAF8240C077900D3FD34 /* Products-Root */ = {
			isa = PBXGroup;
			children = (
				ABC4D1F7240C0CE600BF0E90 /* App */,
				ABC4D1F9240C0D1700BF0E90 /* Models */,
				ABC4D1FA240C0D2100BF0E90 /* Networking */,
				ABC4D1FB240C0D2600BF0E90 /* Screens */,
				ABC4D1FC240C0D2A00BF0E90 /* Resources */,
				ABC4D1FD240C0D3200BF0E90 /* Utils */,
			);
			path = "Products-Root";
			sourceTree = "<group>";
		};
		1DCD6CAE2417F554002935E2 /* Splash */ = {
			isa = PBXGroup;
			children = (
				1DCD6CAF2417F5AA002935E2 /* SplashViewController.xib */,
				1DCD6CB12417F5BB002935E2 /* SplashViewController.swift */,
				1DCD6CB32417F5D2002935E2 /* SplashViewModel.swift */,
				1DCD6CB7241BEB14002935E2 /* SplashRepository.swift */,
			);
			path = Splash;
			sourceTree = "<group>";
		};
		ABC4D1F7240C0CE600BF0E90 /* App */ = {
			isa = PBXGroup;
			children = (
				1DBEAAF9240C077900D3FD34 /* AppDelegate.swift */,
			);
			path = App;
			sourceTree = "<group>";
		};
		ABC4D1F9240C0D1700BF0E90 /* Models */ = {
			isa = PBXGroup;
			children = (
				ABC4D213240C13CD00BF0E90 /* Error */,
				ABF2CBDC241638E700267960 /* LoginRequest.swift */,
				ABF2CBE024163A9100267960 /* Member.swift */,
			);
			path = Models;
			sourceTree = "<group>";
		};
		ABC4D1FA240C0D2100BF0E90 /* Networking */ = {
			isa = PBXGroup;
			children = (
				ABC4D220240C19D600BF0E90 /* APIClient.swift */,
				ABC4D222240C19DC00BF0E90 /* APIResponse.swift */,
				ABC4D224240C19E800BF0E90 /* APIConfirguration.swift */,
				ABC4D226240C19EE00BF0E90 /* APIRouter.swift */,
			);
			path = Networking;
			sourceTree = "<group>";
		};
		ABC4D1FB240C0D2600BF0E90 /* Screens */ = {
			isa = PBXGroup;
			children = (
				ABC4D204240C0F8000BF0E90 /* Authentication */,
				ABC4D1FE240C0D6200BF0E90 /* Misc */,
			);
			path = Screens;
			sourceTree = "<group>";
		};
		ABC4D1FC240C0D2A00BF0E90 /* Resources */ = {
			isa = PBXGroup;
			children = (
				1DBEAB02240C078100D3FD34 /* Assets.xcassets */,
				1DBEAB07240C078100D3FD34 /* Info.plist */,
				ABC4D216240C145000BF0E90 /* Localizable.strings */,
			);
			path = Resources;
			sourceTree = "<group>";
		};
		ABC4D1FD240C0D3200BF0E90 /* Utils */ = {
			isa = PBXGroup;
			children = (
				ABC4D21B240C14D200BF0E90 /* Extensions */,
				ABC4D20E240C124900BF0E90 /* Base */,
				ABC4D1FF240C0E6F00BF0E90 /* Navigation */,
			);
			path = Utils;
			sourceTree = "<group>";
		};
		ABC4D1FE240C0D6200BF0E90 /* Misc */ = {
			isa = PBXGroup;
			children = (
				1DBEAB04240C078100D3FD34 /* LaunchScreen.storyboard */,
			);
			path = Misc;
			sourceTree = "<group>";
		};
		ABC4D1FF240C0E6F00BF0E90 /* Navigation */ = {
			isa = PBXGroup;
			children = (
				ABC4D200240C0E7B00BF0E90 /* Coordinator.swift */,
				ABC4D202240C0EC100BF0E90 /* AppCoordinator.swift */,
			);
			path = Navigation;
			sourceTree = "<group>";
		};
		ABC4D204240C0F8000BF0E90 /* Authentication */ = {
			isa = PBXGroup;
			children = (
				1DCD6CAE2417F554002935E2 /* Splash */,
				1D5B868E241BF53E00DC02BE /* Register */,
				ABC4D205240C0F8900BF0E90 /* Login */,
			);
			path = Authentication;
			sourceTree = "<group>";
		};
		ABC4D205240C0F8900BF0E90 /* Login */ = {
			isa = PBXGroup;
			children = (
				ABC4D206240C0F9600BF0E90 /* LoginViewController.xib */,
				ABC4D208240C0FA000BF0E90 /* LoginViewController.swift */,
				ABC4D20A240C0FA700BF0E90 /* LoginViewModel.swift */,
				ABC4D20C240C0FBC00BF0E90 /* LoginRepository.swift */,
			);
			path = Login;
			sourceTree = "<group>";
		};
		ABC4D20E240C124900BF0E90 /* Base */ = {
			isa = PBXGroup;
			children = (
				ABC4D20F240C125300BF0E90 /* BaseViewController.swift */,
				ABC4D211240C125A00BF0E90 /* BaseViewModel.swift */,
				ABC4D22C240C251600BF0E90 /* AlertPresenter.swift */,
				ABC4D22E240C26B600BF0E90 /* LoadingViewPresenter.swift */,
			);
			path = Base;
			sourceTree = "<group>";
		};
		ABC4D213240C13CD00BF0E90 /* Error */ = {
			isa = PBXGroup;
			children = (
				ABC4D214240C13E700BF0E90 /* GeneralError.swift */,
				ABC4D228240C1BC200BF0E90 /* APIError.swift */,
			);
			path = Error;
			sourceTree = "<group>";
		};
		ABC4D21B240C14D200BF0E90 /* Extensions */ = {
			isa = PBXGroup;
			children = (
				ABC4D21C240C14DB00BF0E90 /* StringExtensions.swift */,
				ABC4D21E240C16DA00BF0E90 /* UILabelExtension.swift */,
				ABF2CBDE2416397500267960 /* EncodableExtensions.swift */,
			);
			path = Extensions;
			sourceTree = "<group>";
		};
		D80F3A6571E981A42DB07321 /* Pods */ = {
			isa = PBXGroup;
			children = (
				F16EF1F1E32B5F81B297C8B1 /* Pods-Products.debug.xcconfig */,
				201E722325D8ED344534EC4E /* Pods-Products.release.xcconfig */,
			);
			path = Pods;
			sourceTree = "<group>";
		};
		D9918BC542525BBBB2870CBB /* Frameworks */ = {
			isa = PBXGroup;
			children = (
				071F7A3D7C54D346CEC1C801 /* Pods_Products.framework */,
			);
			name = Frameworks;
			sourceTree = "<group>";
		};
/* End PBXGroup section */

/* Begin PBXNativeTarget section */
		1DBEAAF5240C077900D3FD34 /* Products */ = {
			isa = PBXNativeTarget;
			buildConfigurationList = 1DBEAB0A240C078100D3FD34 /* Build configuration list for PBXNativeTarget "Products" */;
			buildPhases = (
				F6B90BD78BAECBD08BFE80D6 /* [CP] Check Pods Manifest.lock */,
				1DBEAAF2240C077900D3FD34 /* Sources */,
				1DBEAAF3240C077900D3FD34 /* Frameworks */,
				1DBEAAF4240C077900D3FD34 /* Resources */,
				AB1FF168240C0AC700EA1C01 /* Swiftlint Run Script */,
				DFE8709371460C83325AE081 /* [CP] Embed Pods Frameworks */,
			);
			buildRules = (
			);
			dependencies = (
			);
			name = Products;
			productName = Products;
			productReference = 1DBEAAF6240C077900D3FD34 /* Products.app */;
			productType = "com.apple.product-type.application";
		};
/* End PBXNativeTarget section */

/* Begin PBXProject section */
		1DBEAAEE240C077900D3FD34 /* Project object */ = {
			isa = PBXProject;
			attributes = {
				LastSwiftUpdateCheck = 1120;
				LastUpgradeCheck = 1120;
				ORGANIZATIONNAME = Archlime;
				TargetAttributes = {
					1DBEAAF5240C077900D3FD34 = {
						CreatedOnToolsVersion = 11.2.1;
					};
				};
			};
			buildConfigurationList = 1DBEAAF1240C077900D3FD34 /* Build configuration list for PBXProject "Products" */;
			compatibilityVersion = "Xcode 9.3";
			developmentRegion = en;
			hasScannedForEncodings = 0;
			knownRegions = (
				en,
			);
			mainGroup = 1DBEAAED240C077900D3FD34;
			productRefGroup = 1DBEAAF7240C077900D3FD34 /* Products */;
			projectDirPath = "";
			projectRoot = "";
			targets = (
				1DBEAAF5240C077900D3FD34 /* Products */,
			);
		};
/* End PBXProject section */

/* Begin PBXResourcesBuildPhase section */
		1DBEAAF4240C077900D3FD34 /* Resources */ = {
			isa = PBXResourcesBuildPhase;
			buildActionMask = 2147483647;
			files = (
				1DBEAB06240C078100D3FD34 /* LaunchScreen.storyboard in Resources */,
				1DCD6CB02417F5AA002935E2 /* SplashViewController.xib in Resources */,
				ABC4D217240C145000BF0E90 /* Localizable.strings in Resources */,
				1DBEAB03240C078100D3FD34 /* Assets.xcassets in Resources */,
				ABC4D207240C0F9600BF0E90 /* LoginViewController.xib in Resources */,
				1D5B8690241BF7AC00DC02BE /* RegisterViewController.xib in Resources */,
			);
			runOnlyForDeploymentPostprocessing = 0;
		};
/* End PBXResourcesBuildPhase section */

/* Begin PBXShellScriptBuildPhase section */
		AB1FF168240C0AC700EA1C01 /* Swiftlint Run Script */ = {
			isa = PBXShellScriptBuildPhase;
			buildActionMask = 2147483647;
			files = (
			);
			inputFileListPaths = (
			);
			inputPaths = (
			);
			name = "Swiftlint Run Script";
			outputFileListPaths = (
			);
			outputPaths = (
			);
			runOnlyForDeploymentPostprocessing = 0;
			shellPath = /bin/sh;
			shellScript = "if which swiftlint >/dev/null; then\n  swiftlint\nelse\n  echo \"warning: SwiftLint not installed, download from https://github.com/realm/SwiftLint\"\nfi\n";
		};
		DFE8709371460C83325AE081 /* [CP] Embed Pods Frameworks */ = {
			isa = PBXShellScriptBuildPhase;
			buildActionMask = 2147483647;
			files = (
			);
			inputFileListPaths = (
				"${PODS_ROOT}/Target Support Files/Pods-Products/Pods-Products-frameworks-${CONFIGURATION}-input-files.xcfilelist",
			);
			name = "[CP] Embed Pods Frameworks";
			outputFileListPaths = (
				"${PODS_ROOT}/Target Support Files/Pods-Products/Pods-Products-frameworks-${CONFIGURATION}-output-files.xcfilelist",
			);
			runOnlyForDeploymentPostprocessing = 0;
			shellPath = /bin/sh;
			shellScript = "\"${PODS_ROOT}/Target Support Files/Pods-Products/Pods-Products-frameworks.sh\"\n";
			showEnvVarsInLog = 0;
		};
		F6B90BD78BAECBD08BFE80D6 /* [CP] Check Pods Manifest.lock */ = {
			isa = PBXShellScriptBuildPhase;
			buildActionMask = 2147483647;
			files = (
			);
			inputFileListPaths = (
			);
			inputPaths = (
				"${PODS_PODFILE_DIR_PATH}/Podfile.lock",
				"${PODS_ROOT}/Manifest.lock",
			);
			name = "[CP] Check Pods Manifest.lock";
			outputFileListPaths = (
			);
			outputPaths = (
				"$(DERIVED_FILE_DIR)/Pods-Products-checkManifestLockResult.txt",
			);
			runOnlyForDeploymentPostprocessing = 0;
			shellPath = /bin/sh;
			shellScript = "diff \"${PODS_PODFILE_DIR_PATH}/Podfile.lock\" \"${PODS_ROOT}/Manifest.lock\" > /dev/null\nif [ $? != 0 ] ; then\n    # print error to STDERR\n    echo \"error: The sandbox is not in sync with the Podfile.lock. Run 'pod install' or update your CocoaPods installation.\" >&2\n    exit 1\nfi\n# This output is used by Xcode 'outputs' to avoid re-running this script phase.\necho \"SUCCESS\" > \"${SCRIPT_OUTPUT_FILE_0}\"\n";
			showEnvVarsInLog = 0;
		};
/* End PBXShellScriptBuildPhase section */

/* Begin PBXSourcesBuildPhase section */
		1DBEAAF2240C077900D3FD34 /* Sources */ = {
			isa = PBXSourcesBuildPhase;
			buildActionMask = 2147483647;
			files = (
				1DCD6CB8241BEB14002935E2 /* SplashRepository.swift in Sources */,
				ABC4D209240C0FA000BF0E90 /* LoginViewController.swift in Sources */,
				ABC4D227240C19EE00BF0E90 /* APIRouter.swift in Sources */,
				ABF2CBDD241638E700267960 /* LoginRequest.swift in Sources */,
				ABC4D203240C0EC100BF0E90 /* AppCoordinator.swift in Sources */,
				1DCD6CB42417F5D2002935E2 /* SplashViewModel.swift in Sources */,
				ABC4D21D240C14DB00BF0E90 /* StringExtensions.swift in Sources */,
				ABC4D201240C0E7B00BF0E90 /* Coordinator.swift in Sources */,
				ABC4D225240C19E800BF0E90 /* APIConfirguration.swift in Sources */,
				ABC4D20B240C0FA700BF0E90 /* LoginViewModel.swift in Sources */,
				1DBEAAFA240C077900D3FD34 /* AppDelegate.swift in Sources */,
				ABF2CBDF2416397500267960 /* EncodableExtensions.swift in Sources */,
				ABC4D212240C125A00BF0E90 /* BaseViewModel.swift in Sources */,
				ABC4D223240C19DC00BF0E90 /* APIResponse.swift in Sources */,
				ABC4D210240C125300BF0E90 /* BaseViewController.swift in Sources */,
				1D5B8696241BF7E400DC02BE /* RegisterRepository.swift in Sources */,
				ABC4D22D240C251600BF0E90 /* AlertPresenter.swift in Sources */,
				1D5B8692241BF7C500DC02BE /* RegisterViewController.swift in Sources */,
				ABC4D20D240C0FBC00BF0E90 /* LoginRepository.swift in Sources */,
				ABC4D21F240C16DA00BF0E90 /* UILabelExtension.swift in Sources */,
				ABC4D229240C1BC200BF0E90 /* APIError.swift in Sources */,
				ABC4D215240C13E700BF0E90 /* GeneralError.swift in Sources */,
				1D5B8694241BF7D600DC02BE /* RegisterViewModel.swift in Sources */,
				ABC4D22F240C26B600BF0E90 /* LoadingViewPresenter.swift in Sources */,
				ABF2CBE124163A9100267960 /* Member.swift in Sources */,
				ABC4D221240C19D600BF0E90 /* APIClient.swift in Sources */,
				1DCD6CB22417F5BB002935E2 /* SplashViewController.swift in Sources */,
			);
			runOnlyForDeploymentPostprocessing = 0;
		};
/* End PBXSourcesBuildPhase section */

/* Begin PBXVariantGroup section */
		1DBEAB04240C078100D3FD34 /* LaunchScreen.storyboard */ = {
			isa = PBXVariantGroup;
			children = (
				ABC4D218240C148300BF0E90 /* en */,
			);
			name = LaunchScreen.storyboard;
			sourceTree = "<group>";
		};
/* End PBXVariantGroup section */

/* Begin XCBuildConfiguration section */
		1DBEAB08240C078100D3FD34 /* Debug */ = {
			isa = XCBuildConfiguration;
			buildSettings = {
				ALWAYS_SEARCH_USER_PATHS = NO;
				CLANG_ANALYZER_NONNULL = YES;
				CLANG_ANALYZER_NUMBER_OBJECT_CONVERSION = YES_AGGRESSIVE;
				CLANG_CXX_LANGUAGE_STANDARD = "gnu++14";
				CLANG_CXX_LIBRARY = "libc++";
				CLANG_ENABLE_MODULES = YES;
				CLANG_ENABLE_OBJC_ARC = YES;
				CLANG_ENABLE_OBJC_WEAK = YES;
				CLANG_WARN_BLOCK_CAPTURE_AUTORELEASING = YES;
				CLANG_WARN_BOOL_CONVERSION = YES;
				CLANG_WARN_COMMA = YES;
				CLANG_WARN_CONSTANT_CONVERSION = YES;
				CLANG_WARN_DEPRECATED_OBJC_IMPLEMENTATIONS = YES;
				CLANG_WARN_DIRECT_OBJC_ISA_USAGE = YES_ERROR;
				CLANG_WARN_DOCUMENTATION_COMMENTS = YES;
				CLANG_WARN_EMPTY_BODY = YES;
				CLANG_WARN_ENUM_CONVERSION = YES;
				CLANG_WARN_INFINITE_RECURSION = YES;
				CLANG_WARN_INT_CONVERSION = YES;
				CLANG_WARN_NON_LITERAL_NULL_CONVERSION = YES;
				CLANG_WARN_OBJC_IMPLICIT_RETAIN_SELF = YES;
				CLANG_WARN_OBJC_LITERAL_CONVERSION = YES;
				CLANG_WARN_OBJC_ROOT_CLASS = YES_ERROR;
				CLANG_WARN_RANGE_LOOP_ANALYSIS = YES;
				CLANG_WARN_STRICT_PROTOTYPES = YES;
				CLANG_WARN_SUSPICIOUS_MOVE = YES;
				CLANG_WARN_UNGUARDED_AVAILABILITY = YES_AGGRESSIVE;
				CLANG_WARN_UNREACHABLE_CODE = YES;
				CLANG_WARN__DUPLICATE_METHOD_MATCH = YES;
				COPY_PHASE_STRIP = NO;
				DEBUG_INFORMATION_FORMAT = dwarf;
				ENABLE_STRICT_OBJC_MSGSEND = YES;
				ENABLE_TESTABILITY = YES;
				GCC_C_LANGUAGE_STANDARD = gnu11;
				GCC_DYNAMIC_NO_PIC = NO;
				GCC_NO_COMMON_BLOCKS = YES;
				GCC_OPTIMIZATION_LEVEL = 0;
				GCC_PREPROCESSOR_DEFINITIONS = (
					"DEBUG=1",
					"$(inherited)",
				);
				GCC_WARN_64_TO_32_BIT_CONVERSION = YES;
				GCC_WARN_ABOUT_RETURN_TYPE = YES_ERROR;
				GCC_WARN_UNDECLARED_SELECTOR = YES;
				GCC_WARN_UNINITIALIZED_AUTOS = YES_AGGRESSIVE;
				GCC_WARN_UNUSED_FUNCTION = YES;
				GCC_WARN_UNUSED_VARIABLE = YES;
				IPHONEOS_DEPLOYMENT_TARGET = 13.2;
				MTL_ENABLE_DEBUG_INFO = INCLUDE_SOURCE;
				MTL_FAST_MATH = YES;
				ONLY_ACTIVE_ARCH = YES;
				SDKROOT = iphoneos;
				SWIFT_ACTIVE_COMPILATION_CONDITIONS = DEBUG;
				SWIFT_OPTIMIZATION_LEVEL = "-Onone";
			};
			name = Debug;
		};
		1DBEAB09240C078100D3FD34 /* Release */ = {
			isa = XCBuildConfiguration;
			buildSettings = {
				ALWAYS_SEARCH_USER_PATHS = NO;
				CLANG_ANALYZER_NONNULL = YES;
				CLANG_ANALYZER_NUMBER_OBJECT_CONVERSION = YES_AGGRESSIVE;
				CLANG_CXX_LANGUAGE_STANDARD = "gnu++14";
				CLANG_CXX_LIBRARY = "libc++";
				CLANG_ENABLE_MODULES = YES;
				CLANG_ENABLE_OBJC_ARC = YES;
				CLANG_ENABLE_OBJC_WEAK = YES;
				CLANG_WARN_BLOCK_CAPTURE_AUTORELEASING = YES;
				CLANG_WARN_BOOL_CONVERSION = YES;
				CLANG_WARN_COMMA = YES;
				CLANG_WARN_CONSTANT_CONVERSION = YES;
				CLANG_WARN_DEPRECATED_OBJC_IMPLEMENTATIONS = YES;
				CLANG_WARN_DIRECT_OBJC_ISA_USAGE = YES_ERROR;
				CLANG_WARN_DOCUMENTATION_COMMENTS = YES;
				CLANG_WARN_EMPTY_BODY = YES;
				CLANG_WARN_ENUM_CONVERSION = YES;
				CLANG_WARN_INFINITE_RECURSION = YES;
				CLANG_WARN_INT_CONVERSION = YES;
				CLANG_WARN_NON_LITERAL_NULL_CONVERSION = YES;
				CLANG_WARN_OBJC_IMPLICIT_RETAIN_SELF = YES;
				CLANG_WARN_OBJC_LITERAL_CONVERSION = YES;
				CLANG_WARN_OBJC_ROOT_CLASS = YES_ERROR;
				CLANG_WARN_RANGE_LOOP_ANALYSIS = YES;
				CLANG_WARN_STRICT_PROTOTYPES = YES;
				CLANG_WARN_SUSPICIOUS_MOVE = YES;
				CLANG_WARN_UNGUARDED_AVAILABILITY = YES_AGGRESSIVE;
				CLANG_WARN_UNREACHABLE_CODE = YES;
				CLANG_WARN__DUPLICATE_METHOD_MATCH = YES;
				COPY_PHASE_STRIP = NO;
				DEBUG_INFORMATION_FORMAT = "dwarf-with-dsym";
				ENABLE_NS_ASSERTIONS = NO;
				ENABLE_STRICT_OBJC_MSGSEND = YES;
				GCC_C_LANGUAGE_STANDARD = gnu11;
				GCC_NO_COMMON_BLOCKS = YES;
				GCC_WARN_64_TO_32_BIT_CONVERSION = YES;
				GCC_WARN_ABOUT_RETURN_TYPE = YES_ERROR;
				GCC_WARN_UNDECLARED_SELECTOR = YES;
				GCC_WARN_UNINITIALIZED_AUTOS = YES_AGGRESSIVE;
				GCC_WARN_UNUSED_FUNCTION = YES;
				GCC_WARN_UNUSED_VARIABLE = YES;
				IPHONEOS_DEPLOYMENT_TARGET = 13.2;
				MTL_ENABLE_DEBUG_INFO = NO;
				MTL_FAST_MATH = YES;
				SDKROOT = iphoneos;
				SWIFT_COMPILATION_MODE = wholemodule;
				SWIFT_OPTIMIZATION_LEVEL = "-O";
				VALIDATE_PRODUCT = YES;
			};
			name = Release;
		};
		1DBEAB0B240C078100D3FD34 /* Debug */ = {
			isa = XCBuildConfiguration;
			baseConfigurationReference = F16EF1F1E32B5F81B297C8B1 /* Pods-Products.debug.xcconfig */;
			buildSettings = {
				ASSETCATALOG_COMPILER_APPICON_NAME = AppIcon;
				CODE_SIGN_IDENTITY = "Apple Development";
				CODE_SIGN_STYLE = Automatic;
				DEVELOPMENT_TEAM = L6Q7QEYASW;
				INFOPLIST_FILE = "Products-Root/Resources/Info.plist";
				IPHONEOS_DEPLOYMENT_TARGET = 11.0;
				LD_RUNPATH_SEARCH_PATHS = (
					"$(inherited)",
					"@executable_path/Frameworks",
				);
				PRODUCT_BUNDLE_IDENTIFIER = Archlime.Products;
				PRODUCT_NAME = "$(TARGET_NAME)";
				PROVISIONING_PROFILE_SPECIFIER = "";
				SWIFT_VERSION = 5.0;
				TARGETED_DEVICE_FAMILY = 1;
			};
			name = Debug;
		};
		1DBEAB0C240C078100D3FD34 /* Release */ = {
			isa = XCBuildConfiguration;
			baseConfigurationReference = 201E722325D8ED344534EC4E /* Pods-Products.release.xcconfig */;
			buildSettings = {
				ASSETCATALOG_COMPILER_APPICON_NAME = AppIcon;
				CODE_SIGN_IDENTITY = "Apple Development";
				CODE_SIGN_STYLE = Automatic;
				DEVELOPMENT_TEAM = L6Q7QEYASW;
				INFOPLIST_FILE = "Products-Root/Resources/Info.plist";
				IPHONEOS_DEPLOYMENT_TARGET = 11.0;
				LD_RUNPATH_SEARCH_PATHS = (
					"$(inherited)",
					"@executable_path/Frameworks",
				);
				PRODUCT_BUNDLE_IDENTIFIER = Archlime.Products;
				PRODUCT_NAME = "$(TARGET_NAME)";
				PROVISIONING_PROFILE_SPECIFIER = "";
				SWIFT_VERSION = 5.0;
				TARGETED_DEVICE_FAMILY = 1;
			};
			name = Release;
		};
/* End XCBuildConfiguration section */

/* Begin XCConfigurationList section */
		1DBEAAF1240C077900D3FD34 /* Build configuration list for PBXProject "Products" */ = {
			isa = XCConfigurationList;
			buildConfigurations = (
				1DBEAB08240C078100D3FD34 /* Debug */,
				1DBEAB09240C078100D3FD34 /* Release */,
			);
			defaultConfigurationIsVisible = 0;
			defaultConfigurationName = Release;
		};
		1DBEAB0A240C078100D3FD34 /* Build configuration list for PBXNativeTarget "Products" */ = {
			isa = XCConfigurationList;
			buildConfigurations = (
				1DBEAB0B240C078100D3FD34 /* Debug */,
				1DBEAB0C240C078100D3FD34 /* Release */,
			);
			defaultConfigurationIsVisible = 0;
			defaultConfigurationName = Release;
		};
/* End XCConfigurationList section */
	};
	rootObject = 1DBEAAEE240C077900D3FD34 /* Project object */;
}
